version = 1
revision = 3
requires-python = ">=3.13"

[[package]]
name = "colorama"
version = "0.4.6"
source = { registry = "https://pypi.org/simple" }
sdist = { url = "https://files.pythonhosted.org/packages/d8/53/6f443c9a4a8358a93a6792e2acffb9d9d5cb0a5cfd8802644b7b1c9a02e4/colorama-0.4.6.tar.gz", hash = "sha256:08695f5cb7ed6e0531a20572697297273c47b8cae5a63ffc6d6ed5c201be6e44", size = 27697, upload-time = "2022-10-25T02:36:22.414Z" }
wheels = [
    { url = "https://files.pythonhosted.org/packages/d1/d6/3965ed04c63042e047cb6a3e6ed1a63a35087b6a609aa3a15ed8ac56c221/colorama-0.4.6-py2.py3-none-any.whl", hash = "sha256:4f1d9991f5acc0ca119f9d443620b77f9d6b33703e51011c16baf57afb285fc6", size = 25335, upload-time = "2022-10-25T02:36:20.889Z" },
]

[[package]]
name = "credkit"
version = "0.5.0"
source = { editable = "." }
dependencies = [
    { name = "pyxirr" },
]

[package.dev-dependencies]
dev = [
    { name = "pytest" },
]

[package.metadata]
requires-dist = [{ name = "pyxirr", specifier = ">=0.10" }]

[package.metadata.requires-dev]
dev = [{ name = "pytest", specifier = ">=8.4.2" }]

[[package]]
name = "iniconfig"
version = "2.1.0"
source = { registry = "https://pypi.org/simple" }
sdist = { url = "https://files.pythonhosted.org/packages/f2/97/ebf4da567aa6827c909642694d71c9fcf53e5b504f2d96afea02718862f3/iniconfig-2.1.0.tar.gz", hash = "sha256:3abbd2e30b36733fee78f9c7f7308f2d0050e88f0087fd25c2645f63c773e1c7", size = 4793, upload-time = "2025-03-19T20:09:59.721Z" }
wheels = [
    { url = "https://files.pythonhosted.org/packages/2c/e1/e6716421ea10d38022b952c159d5161ca1193197fb744506875fbb87ea7b/iniconfig-2.1.0-py3-none-any.whl", hash = "sha256:9deba5723312380e77435581c6bf4935c94cbfab9b1ed33ef8d238ea168eb760", size = 6050, upload-time = "2025-03-19T20:10:01.071Z" },
]

[[package]]
name = "packaging"
version = "25.0"
source = { registry = "https://pypi.org/simple" }
sdist = { url = "https://files.pythonhosted.org/packages/a1/d4/1fc4078c65507b51b96ca8f8c3ba19e6a61c8253c72794544580a7b6c24d/packaging-25.0.tar.gz", hash = "sha256:d443872c98d677bf60f6a1f2f8c1cb748e8fe762d2bf9d3148b5599295b0fc4f", size = 165727, upload-time = "2025-04-19T11:48:59.673Z" }
wheels = [
    { url = "https://files.pythonhosted.org/packages/20/12/38679034af332785aac8774540895e234f4d07f7545804097de4b666afd8/packaging-25.0-py3-none-any.whl", hash = "sha256:29572ef2b1f17581046b3a2227d5c611fb25ec70ca1ba8554b24b0e69331a484", size = 66469, upload-time = "2025-04-19T11:48:57.875Z" },
]

[[package]]
name = "pluggy"
version = "1.6.0"
source = { registry = "https://pypi.org/simple" }
sdist = { url = "https://files.pythonhosted.org/packages/f9/e2/3e91f31a7d2b083fe6ef3fa267035b518369d9511ffab804f839851d2779/pluggy-1.6.0.tar.gz", hash = "sha256:7dcc130b76258d33b90f61b658791dede3486c3e6bfb003ee5c9bfb396dd22f3", size = 69412, upload-time = "2025-05-15T12:30:07.975Z" }
wheels = [
    { url = "https://files.pythonhosted.org/packages/54/20/4d324d65cc6d9205fabedc306948156824eb9f0ee1633355a8f7ec5c66bf/pluggy-1.6.0-py3-none-any.whl", hash = "sha256:e920276dd6813095e9377c0bc5566d94c932c33b27a3e3945d8389c374dd4746", size = 20538, upload-time = "2025-05-15T12:30:06.134Z" },
]

[[package]]
name = "pygments"
version = "2.19.2"
source = { registry = "https://pypi.org/simple" }
sdist = { url = "https://files.pythonhosted.org/packages/b0/77/a5b8c569bf593b0140bde72ea885a803b82086995367bf2037de0159d924/pygments-2.19.2.tar.gz", hash = "sha256:636cb2477cec7f8952536970bc533bc43743542f70392ae026374600add5b887", size = 4968631, upload-time = "2025-06-21T13:39:12.283Z" }
wheels = [
    { url = "https://files.pythonhosted.org/packages/c7/21/705964c7812476f378728bdf590ca4b771ec72385c533964653c68e86bdc/pygments-2.19.2-py3-none-any.whl", hash = "sha256:86540386c03d588bb81d44bc3928634ff26449851e99741617ecb9037ee5ec0b", size = 1225217, upload-time = "2025-06-21T13:39:07.939Z" },
]

[[package]]
name = "pytest"
version = "8.4.2"
source = { registry = "https://pypi.org/simple" }
dependencies = [
    { name = "colorama", marker = "sys_platform == 'win32'" },
    { name = "iniconfig" },
    { name = "packaging" },
    { name = "pluggy" },
    { name = "pygments" },
]
sdist = { url = "https://files.pythonhosted.org/packages/a3/5c/00a0e072241553e1a7496d638deababa67c5058571567b92a7eaa258397c/pytest-8.4.2.tar.gz", hash = "sha256:86c0d0b93306b961d58d62a4db4879f27fe25513d4b969df351abdddb3c30e01", size = 1519618, upload-time = "2025-09-04T14:34:22.711Z" }
wheels = [
    { url = "https://files.pythonhosted.org/packages/a8/a4/20da314d277121d6534b3a980b29035dcd51e6744bd79075a6ce8fa4eb8d/pytest-8.4.2-py3-none-any.whl", hash = "sha256:872f880de3fc3a5bdc88a11b39c9710c3497a547cfa9320bc3c5e62fbf272e79", size = 365750, upload-time = "2025-09-04T14:34:20.226Z" },
]

[[package]]
name = "pyxirr"
version = "0.10.8"
source = { registry = "https://pypi.org/simple" }
sdist = { url = "https://files.pythonhosted.org/packages/69/79/9c329287b4fbcea245a74680e06f0b9139305ef71ba814b2f6c12562285e/pyxirr-0.10.8.tar.gz", hash = "sha256:a5620dd76015444f26f805c4983a41664898fbf2a74956a28589b171ed96d2f5", size = 40341, upload-time = "2025-11-03T22:16:19.702Z" }
wheels = [
    { url = "https://files.pythonhosted.org/packages/94/20/55523ac15e0e16ab798c474db25897501b452b608af3688d6a8bcf364ece/pyxirr-0.10.8-cp313-cp313-macosx_10_12_x86_64.whl", hash = "sha256:a7474eec3f859c48ea2670791f545d38728a98e33019ee1d7b627cb44909dae2", size = 503389, upload-time = "2025-11-03T22:17:54.354Z" },
    { url = "https://files.pythonhosted.org/packages/05/de/b595b04778c882e78bff82e6ef87383ae8f323e2e2aa62b0dae435a9434b/pyxirr-0.10.8-cp313-cp313-macosx_11_0_arm64.whl", hash = "sha256:5f383b897fc25724ec43edd6dd6c193583ef6bba86af55209a347612e832234a", size = 453082, upload-time = "2025-11-03T22:16:13.291Z" },
    { url = "https://files.pythonhosted.org/packages/bc/db/f3c620eebc5ab4924afb9ec4820f8835292d23483d552da30439d55171e8/pyxirr-0.10.8-cp313-cp313-manylinux_2_17_aarch64.manylinux2014_aarch64.whl", hash = "sha256:db3e4cea189ae965f428ee85fdb74329e96248f9f6bd5b2d81e6f9f094b0f816", size = 465385, upload-time = "2025-11-03T22:15:25.771Z" },
    { url = "https://files.pythonhosted.org/packages/1a/c6/de7fcf59ea268592b5916fe6a2b72a5b05dfe62a789aca3f4c1200fb44ad/pyxirr-0.10.8-cp313-cp313-manylinux_2_17_armv7l.manylinux2014_armv7l.whl", hash = "sha256:004ac61af8ab756031cea74d08b2f8c88ea36966e63ae2d1d3e3fc60a80ad662", size = 470444, upload-time = "2025-11-03T22:17:44.636Z" },
    { url = "https://files.pythonhosted.org/packages/f0/fd/f03ee3e52bab20f5cda5c713d0e2bf29fa31795646c775c5b516297deab7/pyxirr-0.10.8-cp313-cp313-manylinux_2_17_ppc64.manylinux2014_ppc64.whl", hash = "sha256:7d5da7a620d6719bd7bfcb8325881f835008514e90817bd552f62b36d214ed67", size = 532435, upload-time = "2025-11-03T22:16:10.532Z" },
    { url = "https://files.pythonhosted.org/packages/c6/c5/a7477b33387ae27b210fa0b9cd03d151b0e3cf272f5fdd4ff19bc17ba374/pyxirr-0.10.8-cp313-cp313-manylinux_2_17_ppc64le.manylinux2014_ppc64le.whl", hash = "sha256:659eb9d97ae7851d3260cfbe8d0914b93662228802d9fb1bf459c365982943e6", size = 651976, upload-time = "2025-11-03T22:17:59.559Z" },
    { url = "https://files.pythonhosted.org/packages/6f/f6/6892f963935815af64a1ebb3b0a81b86418490d6a6c96c2db6a5da57b580/pyxirr-0.10.8-cp313-cp313-manylinux_2_17_s390x.manylinux2014_s390x.whl", hash = "sha256:1581f05efa87c6e238d4406647fc2055b70c99edfb79587dfd55ce7d818e8125", size = 661931, upload-time = "2025-11-03T22:17:08.761Z" },
    { url = "https://files.pythonhosted.org/packages/d6/16/20af051a66906860e91e033a59553451592ba26794e96ebd4dcaeb840f8f/pyxirr-0.10.8-cp313-cp313-manylinux_2_17_x86_64.manylinux2014_x86_64.whl", hash = "sha256:f81ca9b993551c9e141e2c2dc0ebf4a1e3e3700c8967e954f8862b1b1fcfdbf8", size = 532359, upload-time = "2025-11-03T22:16:04.355Z" },
    { url = "https://files.pythonhosted.org/packages/15/3a/8da4840d0b00b575ca3b19e6c6599be4839acd68f1ca121666e9eae4dddf/pyxirr-0.10.8-cp313-cp313-musllinux_1_2_aarch64.whl", hash = "sha256:481aa3b3ad739c17b0cd0afb76dca5308ffc489e9947c320a0574699ee37df70", size = 647520, upload-time = "2025-11-03T22:16:09.015Z" },
    { url = "https://files.pythonhosted.org/packages/bf/2f/d85a6bc4483b954220df2a3b7636bcb1249df5ae34203e3ab941fa6037bd/pyxirr-0.10.8-cp313-cp313-musllinux_1_2_armv7l.whl", hash = "sha256:e734b4004dd38c04cd37257bb5f7d8aa32082ff7a78c3719c82b684869575326", size = 735529, upload-time = "2025-11-03T22:15:30.248Z" },
    { url = "https://files.pythonhosted.org/packages/3f/56/917885bbad3d447c143725a05e9e7cb35c5444f0dce8bc609a91f9411fd0/pyxirr-0.10.8-cp313-cp313-musllinux_1_2_i686.whl", hash = "sha256:d6424aa6d02de420609a1157b879a137c3979b3302f0b2a90959d364a71a4679", size = 729679, upload-time = "2025-11-03T22:16:07.48Z" },
    { url = "https://files.pythonhosted.org/packages/d7/65/b61f825ce32fd5cee02577858fa92c76dd7b9d3adad1b15989ebcbb286c8/pyxirr-0.10.8-cp313-cp313-musllinux_1_2_x86_64.whl", hash = "sha256:174e5a8ccdf20c4ffb408c23b21361c8bb2460709f6c7892f98ef774b4e428cb", size = 706443, upload-time = "2025-11-03T22:15:55.664Z" },
    { url = "https://files.pythonhosted.org/packages/d5/fa/85be1287ee5701013f0ef0e5b77998af8b0edde4d18d480fac9376ffa426/pyxirr-0.10.8-cp313-none-win_amd64.whl", hash = "sha256:7d7b91b5fa3d935562fcddf9fd0b57a9cf2d972329fec4d5ac87616ed404c6eb", size = 457041, upload-time = "2025-11-03T22:15:51.069Z" },
    { url = "https://files.pythonhosted.org/packages/cf/7d/a85ee18673bd2ddd6281b8653f6c3d554e015cda20d1fd1b0821fd120544/pyxirr-0.10.8-cp314-cp314-macosx_10_12_x86_64.whl", hash = "sha256:fd7b4af506a2eb0deedcc6373381e0b7509c2882fde6036714068cf3f5344664", size = 503842, upload-time = "2025-11-03T22:16:29.611Z" },
    { url = "https://files.pythonhosted.org/packages/cf/66/72af63e6238da45b7619a041c0662f63ebcfcef55d48c78932002e857ef9/pyxirr-0.10.8-cp314-cp314-macosx_11_0_arm64.whl", hash = "sha256:8cfb84e857c9ea2dba28c033ac81f9072ac0aff1dfa7f35dab36b599bf715174", size = 453601, upload-time = "2025-11-03T22:17:49.235Z" },
    { url = "https://files.pythonhosted.org/packages/96/0b/ff310beea7f7b6d56e6b63b008a82e5783f3f3628dfb14c33333193918b7/pyxirr-0.10.8-cp314-cp314-manylinux_2_17_aarch64.manylinux2014_aarch64.whl", hash = "sha256:68b0a3eb78e00f58c3251ef08668d10b1ad37d323c130d193788d0dd002a6389", size = 465741, upload-time = "2025-11-03T22:15:33.842Z" },
    { url = "https://files.pythonhosted.org/packages/60/d4/c46f368b1ba2211e9746f27d7728d79a1a7264c4e5f3314068b69ef5f990/pyxirr-0.10.8-cp314-cp314-manylinux_2_17_armv7l.manylinux2014_armv7l.whl", hash = "sha256:4dec8d38f60160cc35cf03d9953c58655ba80f70189d5b5b93616828cc1cc1e6", size = 470829, upload-time = "2025-11-03T22:15:20.072Z" },
    { url = "https://files.pythonhosted.org/packages/09/f1/25f66bb783f155b464125c5f03b675a4385839b424645b90e1df76d7d80b/pyxirr-0.10.8-cp314-cp314-manylinux_2_17_ppc64.manylinux2014_ppc64.whl", hash = "sha256:8e2ed244cfcb41a1275fc160103341a773e02d1e2d29668ac51d6b956b93154d", size = 533361, upload-time = "2025-11-03T22:17:02.736Z" },
    { url = "https://files.pythonhosted.org/packages/4a/2c/3d907a9128454f2e8494cae3cbd241f3f19f10c19f7c3a679eb6c1f3527e/pyxirr-0.10.8-cp314-cp314-manylinux_2_17_ppc64le.manylinux2014_ppc64le.whl", hash = "sha256:0b8869291f5625cfa9b3fac84575b1aee8390d5fbfaaac5f6b426322a8b67e02", size = 652807, upload-time = "2025-11-03T22:17:05.739Z" },
    { url = "https://files.pythonhosted.org/packages/0f/94/0f789405e2f848056783e496d04e91296643c016ecd1158d057e1ba861d9/pyxirr-0.10.8-cp314-cp314-manylinux_2_17_s390x.manylinux2014_s390x.whl", hash = "sha256:593a2f0dffa6873c605a95136a1277280917703347cc9098eee6099da12252db", size = 662334, upload-time = "2025-11-03T22:16:14.747Z" },
    { url = "https://files.pythonhosted.org/packages/0f/9d/59f8aed8c40c4e8bc991672ef22a75f3ee66bdfb592ce17e144f60db5a28/pyxirr-0.10.8-cp314-cp314-manylinux_2_17_x86_64.manylinux2014_x86_64.whl", hash = "sha256:ce53ec01ab05da76e37e4d66e94c0274fd1e416b93412d8be8da1ef6236176fe", size = 532817, upload-time = "2025-11-03T22:15:44.888Z" },
    { url = "https://files.pythonhosted.org/packages/0a/3e/465d93f50dd09c9ca7d4699989c6c046c22018b96f8b32d85c983a039a13/pyxirr-0.10.8-cp314-cp314-musllinux_1_2_aarch64.whl", hash = "sha256:73360047fa9775c2278bcbc190a4af98c669ad35f1d3868c9ffcea2d9d82e033", size = 648088, upload-time = "2025-11-03T22:17:16.711Z" },
    { url = "https://files.pythonhosted.org/packages/e5/85/ab66b359bd09836c98fc84b771abad2d419dd0f47c5f71908127af9b7b59/pyxirr-0.10.8-cp314-cp314-musllinux_1_2_armv7l.whl", hash = "sha256:5b058ebd11251375420718844063b9a5abafbd4b02519486f60515cddfcf455c", size = 735943, upload-time = "2025-11-03T22:16:23.918Z" },
    { url = "https://files.pythonhosted.org/packages/37/a2/a86da0b048180a0a4ab3d1b65f3bbf1457ca503a1c141a11f1425aed61ad/pyxirr-0.10.8-cp314-cp314-musllinux_1_2_i686.whl", hash = "sha256:14b4ed182226981248f88a286e1f9aa42114e189d105caf470697f8af6e2b2a7", size = 730669, upload-time = "2025-11-03T22:15:43.37Z" },
    { url = "https://files.pythonhosted.org/packages/23/d1/4cc1024e84da052b3ee46b4c479a6e187e699030692802dabab527c07e76/pyxirr-0.10.8-cp314-cp314-musllinux_1_2_x86_64.whl", hash = "sha256:23d28b4e80942decbcfd9c2c90078fe49e7522c3c654f37044be86a423110a2b", size = 706903, upload-time = "2025-11-03T22:17:07.177Z" },
    { url = "https://files.pythonhosted.org/packages/1f/fb/08006985096f8fb7de1eba7f554d870bb53051dc3c90ed7caab46169169c/pyxirr-0.10.8-cp314-none-win_amd64.whl", hash = "sha256:69372d1c4663f14d53bf4e9101d4faa8269a50eb9b14495ff49e55d8e796acc7", size = 457507, upload-time = "2025-11-03T22:17:24.582Z" },
    { url = "https://files.pythonhosted.org/packages/51/d7/4c5afe0bcec2f392904d47f4ce54c8f746cce39c6351b6dbd58ea5406c84/pyxirr-0.10.8-cp37-abi3-macosx_10_12_x86_64.whl", hash = "sha256:cdd20306ea5401aa154f65764324b58983fe50b778a9675295a59bb135e906a8", size = 513451, upload-time = "2025-11-03T22:15:21.636Z" },
    { url = "https://files.pythonhosted.org/packages/f9/5c/5c7b0c28aa9a8e4cd31051637a95d425a55f18c1f3789b1983869f63150e/pyxirr-0.10.8-cp37-abi3-macosx_11_0_arm64.whl", hash = "sha256:b9b1dbee786c219b1f95449ca5fb6e47632a277bcb184750466e1c9048235974", size = 460406, upload-time = "2025-11-03T22:17:28.079Z" },
    { url = "https://files.pythonhosted.org/packages/d9/ac/5ea4326645a68833a6e14f09dc6b8bb780513d824d344cdc5e5ca2785ab5/pyxirr-0.10.8-cp37-abi3-manylinux_2_17_aarch64.manylinux2014_aarch64.whl", hash = "sha256:4c796823279db7d9794f3245b78d17b1070c4d4683ff57adbcc50b8f690f5246", size = 471426, upload-time = "2025-11-03T22:16:33.117Z" },
    { url = "https://files.pythonhosted.org/packages/18/08/5314c9b3cab2badb23ca4341b411337327beda641b3e01f79fa96e7dc080/pyxirr-0.10.8-cp37-abi3-manylinux_2_17_armv7l.manylinux2014_armv7l.whl", hash = "sha256:b707ad6433cd0e08e4a31378ac41b2d7eceaa535b23f6cdda1a69bdf767d0c4e", size = 474791, upload-time = "2025-11-03T22:16:35.9Z" },
    { url = "https://files.pythonhosted.org/packages/53/6c/5d119a9e1605dbfcd5dbbc7762234008392972b1dcba9ac3164624c680b2/pyxirr-0.10.8-cp37-abi3-manylinux_2_17_ppc64.manylinux2014_ppc64.whl", hash = "sha256:c0d4cb328c74a761544d4a78b200064a9ea62b3534f32b1aaa555defbd127be4", size = 543472, upload-time = "2025-11-03T22:16:00.065Z" },
    { url = "https://files.pythonhosted.org/packages/e1/67/37b48dcc55dd20e3fe29c4aabc96471f703900106254565242c2346d5b3f/pyxirr-0.10.8-cp37-abi3-manylinux_2_17_ppc64le.manylinux2014_ppc64le.whl", hash = "sha256:24a3335ced4b7d18da244f0fa0b68a5cce74558b8bfe385db2533e8f5e961d69", size = 670864, upload-time = "2025-11-03T22:15:04.18Z" },
    { url = "https://files.pythonhosted.org/packages/0e/71/b3ab12603e893b76f56cd59b39cf55ec714f864c0d4b08da108bb7fca1db/pyxirr-0.10.8-cp37-abi3-manylinux_2_17_s390x.manylinux2014_s390x.whl", hash = "sha256:8613ed3e909025defcd0726f3dff5880759a3cf8ab8004510afb6ea2f66895c8", size = 672689, upload-time = "2025-11-03T22:18:01.399Z" },
    { url = "https://files.pythonhosted.org/packages/0c/3d/f5d9da98686220490c80bab8a50bf8f356baf2e3d292859092acf6d5648b/pyxirr-0.10.8-cp37-abi3-manylinux_2_17_x86_64.manylinux2014_x86_64.whl", hash = "sha256:2cf5216d71d90466965591d92bec14f4a5ccce492e351b5e46a7b1b62fefea44", size = 541386, upload-time = "2025-11-03T22:15:37.881Z" },
    { url = "https://files.pythonhosted.org/packages/f9/f7/d6deae1e9ab1211552a43d3101c38f96cfba22db9c9ebf8af2767e18ee59/pyxirr-0.10.8-cp37-abi3-musllinux_1_2_aarch64.whl", hash = "sha256:749bc7a71a1f4257afed6caa71ea4d29a0cfdd15c325582026b077095a3be4cb", size = 653692, upload-time = "2025-11-03T22:15:41.97Z" },
    { url = "https://files.pythonhosted.org/packages/a2/89/107c6f5c8936aaf0d8bccdd9f5a666371553c4a20022595a05f23413e2d4/pyxirr-0.10.8-cp37-abi3-musllinux_1_2_armv7l.whl", hash = "sha256:6dd479d44eb0c784b041766044b4a7562d3e22b807b7c8b5fdad123461ebb531", size = 739907, upload-time = "2025-11-03T22:16:49.144Z" },
    { url = "https://files.pythonhosted.org/packages/83/9e/c6a4c3258247a99ca8f6650b30453991a03995a627b0d55303bc6f18cc37/pyxirr-0.10.8-cp37-abi3-musllinux_1_2_i686.whl", hash = "sha256:c4b9ea37f905ed6f571292b73942d6c0382823ac326a52b00e62107b8851cbb4", size = 733700, upload-time = "2025-11-03T22:17:52.462Z" },
    { url = "https://files.pythonhosted.org/packages/52/b3/ba76ff08ce7ff049fc05089d9b5527ec2fb3c1e50e8269d903478bed2cc0/pyxirr-0.10.8-cp37-abi3-musllinux_1_2_x86_64.whl", hash = "sha256:df00db884ecd138bfe9eb2146e5bcc6d6a0f65efeec4cbdffd19aed6ce11f2d3", size = 715211, upload-time = "2025-11-03T22:15:39.352Z" },
]
